
Microsoft Visual Studio Solution File, Format Version 12.00
# Visual Studio 15
VisualStudioVersion = 15.0.27703.2026
MinimumVisualStudioVersion = 10.0.40219.1
Project("{FAE04EC0-301F-11D3-BF4B-00C04F79EFBC}") = "StoreCar", "StoreCar\StoreCar.csproj", "{837C0359-E8E4-4ECE-961F-8A3C085FA768}"
EndProject
Global
	GlobalSection(SolutionConfigurationPlatforms) = preSolution
		Debug|Any CPU = Debug|Any CPU
		Release|Any CPU = Release|Any CPU
	EndGlobalSection
	GlobalSection(ProjectConfigurationPlatforms) = postSolution
		{837C0359-E8E4-4ECE-961F-8A3C085FA768}.Debug|Any CPU.ActiveCfg = Debug|Any CPU
		{837C0359-E8E4-4ECE-961F-8A3C085FA768}.Debug|Any CPU.Build.0 = Debug|Any CPU
		{837C0359-E8E4-4ECE-961F-8A3C085FA768}.Release|Any CPU.ActiveCfg = Release|Any CPU
		{837C0359-E8E4-4ECE-961F-8A3C085FA768}.Release|Any CPU.Build.0 = Release|Any CPU
	EndGlobalSection
	GlobalSection(SolutionProperties) = preSolution
		HideSolutionNode = FALSE
	EndGlobalSection
	GlobalSection(ExtensibilityGlobals) = postSolution
		SolutionGuid = {736C0D6E-A195-4B8F-87F4-92E9FA12DBA1}
	EndGlobalSection
EndGlobal
